// !$*UTF8*$!
{
	archiveVersion = 1;
	classes = {
	};
	objectVersion = 55;
	objects = {

/* Begin PBXBuildFile section */
		6D3BFC4629FD5B750006ABE4 /* AppDelegate.swift in Sources */ = {isa = PBXBuildFile; fileRef = 6D3BFC4529FD5B750006ABE4 /* AppDelegate.swift */; };
		6D3BFC4829FD5B750006ABE4 /* SceneDelegate.swift in Sources */ = {isa = PBXBuildFile; fileRef = 6D3BFC4729FD5B750006ABE4 /* SceneDelegate.swift */; };
		6D3BFC4A29FD5B750006ABE4 /* ViewController.swift in Sources */ = {isa = PBXBuildFile; fileRef = 6D3BFC4929FD5B750006ABE4 /* ViewController.swift */; };
		6D3BFC4D29FD5B750006ABE4 /* Main.storyboard in Resources */ = {isa = PBXBuildFile; fileRef = 6D3BFC4B29FD5B750006ABE4 /* Main.storyboard */; };
		6D3BFC4F29FD5B760006ABE4 /* Assets.xcassets in Resources */ = {isa = PBXBuildFile; fileRef = 6D3BFC4E29FD5B760006ABE4 /* Assets.xcassets */; };
		6D3BFC5229FD5B760006ABE4 /* LaunchScreen.storyboard in Resources */ = {isa = PBXBuildFile; fileRef = 6D3BFC5029FD5B760006ABE4 /* LaunchScreen.storyboard */; };
		6D3BFC5D29FD5B760006ABE4 /* DemoCICDTests.swift in Sources */ = {isa = PBXBuildFile; fileRef = 6D3BFC5C29FD5B760006ABE4 /* DemoCICDTests.swift */; };
		6D3BFC6729FD5B760006ABE4 /* DemoCICDUITests.swift in Sources */ = {isa = PBXBuildFile; fileRef = 6D3BFC6629FD5B760006ABE4 /* DemoCICDUITests.swift */; };
		6D3BFC6929FD5B760006ABE4 /* DemoCICDUITestsLaunchTests.swift in Sources */ = {isa = PBXBuildFile; fileRef = 6D3BFC6829FD5B760006ABE4 /* DemoCICDUITestsLaunchTests.swift */; };
		89AB42381C520149D79DC782 /* libPods-DemoCICD-DemoCICDUITests.a in Frameworks */ = {isa = PBXBuildFile; fileRef = 72EE3F3EF3E02A9F04049222 /* libPods-DemoCICD-DemoCICDUITests.a */; };
		F60EEE3E0768E1FC89E3CA60 /* libPods-DemoCICDTests.a in Frameworks */ = {isa = PBXBuildFile; fileRef = 9C02851AF27CABCB1226BDE5 /* libPods-DemoCICDTests.a */; };
		F7EC881077ED4F77DBB9F7A2 /* libPods-DemoCICD.a in Frameworks */ = {isa = PBXBuildFile; fileRef = FD432A55E77FEA397582933B /* libPods-DemoCICD.a */; };
/* End PBXBuildFile section */

/* Begin PBXContainerItemProxy section */
		6D3BFC5929FD5B760006ABE4 /* PBXContainerItemProxy */ = {
			isa = PBXContainerItemProxy;
			containerPortal = 6D3BFC3A29FD5B750006ABE4 /* Project object */;
			proxyType = 1;
			remoteGlobalIDString = 6D3BFC4129FD5B750006ABE4;
			remoteInfo = DemoCICD;
		};
		6D3BFC6329FD5B760006ABE4 /* PBXContainerItemProxy */ = {
			isa = PBXContainerItemProxy;
			containerPortal = 6D3BFC3A29FD5B750006ABE4 /* Project object */;
			proxyType = 1;
			remoteGlobalIDString = 6D3BFC4129FD5B750006ABE4;
			remoteInfo = DemoCICD;
		};
/* End PBXContainerItemProxy section */

/* Begin PBXFileReference section */
		29DED76A4318D43BA21C8970 /* Pods-DemoCICD.debug.xcconfig */ = {isa = PBXFileReference; includeInIndex = 1; lastKnownFileType = text.xcconfig; name = "Pods-DemoCICD.debug.xcconfig"; path = "Target Support Files/Pods-DemoCICD/Pods-DemoCICD.debug.xcconfig"; sourceTree = "<group>"; };
		389662D40A63FDD8F8D0C357 /* Pods-DemoCICD-DemoCICDUITests.release.xcconfig */ = {isa = PBXFileReference; includeInIndex = 1; lastKnownFileType = text.xcconfig; name = "Pods-DemoCICD-DemoCICDUITests.release.xcconfig"; path = "Target Support Files/Pods-DemoCICD-DemoCICDUITests/Pods-DemoCICD-DemoCICDUITests.release.xcconfig"; sourceTree = "<group>"; };
		56B6513C7D60C9C0DB7C9A7C /* Pods-DemoCICD.release.xcconfig */ = {isa = PBXFileReference; includeInIndex = 1; lastKnownFileType = text.xcconfig; name = "Pods-DemoCICD.release.xcconfig"; path = "Target Support Files/Pods-DemoCICD/Pods-DemoCICD.release.xcconfig"; sourceTree = "<group>"; };
		6D3BFC4229FD5B750006ABE4 /* DemoCICD.app */ = {isa = PBXFileReference; explicitFileType = wrapper.application; includeInIndex = 0; path = DemoCICD.app; sourceTree = BUILT_PRODUCTS_DIR; };
		6D3BFC4529FD5B750006ABE4 /* AppDelegate.swift */ = {isa = PBXFileReference; lastKnownFileType = sourcecode.swift; path = AppDelegate.swift; sourceTree = "<group>"; };
		6D3BFC4729FD5B750006ABE4 /* SceneDelegate.swift */ = {isa = PBXFileReference; lastKnownFileType = sourcecode.swift; path = SceneDelegate.swift; sourceTree = "<group>"; };
		6D3BFC4929FD5B750006ABE4 /* ViewController.swift */ = {isa = PBXFileReference; lastKnownFileType = sourcecode.swift; path = ViewController.swift; sourceTree = "<group>"; };
		6D3BFC4C29FD5B750006ABE4 /* Base */ = {isa = PBXFileReference; lastKnownFileType = file.storyboard; name = Base; path = Base.lproj/Main.storyboard; sourceTree = "<group>"; };
		6D3BFC4E29FD5B760006ABE4 /* Assets.xcassets */ = {isa = PBXFileReference; lastKnownFileType = folder.assetcatalog; path = Assets.xcassets; sourceTree = "<group>"; };
		6D3BFC5129FD5B760006ABE4 /* Base */ = {isa = PBXFileReference; lastKnownFileType = file.storyboard; name = Base; path = Base.lproj/LaunchScreen.storyboard; sourceTree = "<group>"; };
		6D3BFC5329FD5B760006ABE4 /* Info.plist */ = {isa = PBXFileReference; lastKnownFileType = text.plist.xml; path = Info.plist; sourceTree = "<group>"; };
		6D3BFC5829FD5B760006ABE4 /* DemoCICDTests.xctest */ = {isa = PBXFileReference; explicitFileType = wrapper.cfbundle; includeInIndex = 0; path = DemoCICDTests.xctest; sourceTree = BUILT_PRODUCTS_DIR; };
		6D3BFC5C29FD5B760006ABE4 /* DemoCICDTests.swift */ = {isa = PBXFileReference; lastKnownFileType = sourcecode.swift; path = DemoCICDTests.swift; sourceTree = "<group>"; };
		6D3BFC6229FD5B760006ABE4 /* DemoCICDUITests.xctest */ = {isa = PBXFileReference; explicitFileType = wrapper.cfbundle; includeInIndex = 0; path = DemoCICDUITests.xctest; sourceTree = BUILT_PRODUCTS_DIR; };
		6D3BFC6629FD5B760006ABE4 /* DemoCICDUITests.swift */ = {isa = PBXFileReference; lastKnownFileType = sourcecode.swift; path = DemoCICDUITests.swift; sourceTree = "<group>"; };
		6D3BFC6829FD5B760006ABE4 /* DemoCICDUITestsLaunchTests.swift */ = {isa = PBXFileReference; lastKnownFileType = sourcecode.swift; path = DemoCICDUITestsLaunchTests.swift; sourceTree = "<group>"; };
		72EE3F3EF3E02A9F04049222 /* libPods-DemoCICD-DemoCICDUITests.a */ = {isa = PBXFileReference; explicitFileType = archive.ar; includeInIndex = 0; path = "libPods-DemoCICD-DemoCICDUITests.a"; sourceTree = BUILT_PRODUCTS_DIR; };
		88391C1A30CA6B933278BEF7 /* Pods-DemoCICDTests.release.xcconfig */ = {isa = PBXFileReference; includeInIndex = 1; lastKnownFileType = text.xcconfig; name = "Pods-DemoCICDTests.release.xcconfig"; path = "Target Support Files/Pods-DemoCICDTests/Pods-DemoCICDTests.release.xcconfig"; sourceTree = "<group>"; };
		891FF63343BFB9681A5CC64A /* Pods-DemoCICD-DemoCICDUITests.debug.xcconfig */ = {isa = PBXFileReference; includeInIndex = 1; lastKnownFileType = text.xcconfig; name = "Pods-DemoCICD-DemoCICDUITests.debug.xcconfig"; path = "Target Support Files/Pods-DemoCICD-DemoCICDUITests/Pods-DemoCICD-DemoCICDUITests.debug.xcconfig"; sourceTree = "<group>"; };
		9C02851AF27CABCB1226BDE5 /* libPods-DemoCICDTests.a */ = {isa = PBXFileReference; explicitFileType = archive.ar; includeInIndex = 0; path = "libPods-DemoCICDTests.a"; sourceTree = BUILT_PRODUCTS_DIR; };
		FD41917DD7BA9B56CF5C9A7D /* Pods-DemoCICDTests.debug.xcconfig */ = {isa = PBXFileReference; includeInIndex = 1; lastKnownFileType = text.xcconfig; name = "Pods-DemoCICDTests.debug.xcconfig"; path = "Target Support Files/Pods-DemoCICDTests/Pods-DemoCICDTests.debug.xcconfig"; sourceTree = "<group>"; };
		FD432A55E77FEA397582933B /* libPods-DemoCICD.a */ = {isa = PBXFileReference; explicitFileType = archive.ar; includeInIndex = 0; path = "libPods-DemoCICD.a"; sourceTree = BUILT_PRODUCTS_DIR; };
/* End PBXFileReference section */

/* Begin PBXFrameworksBuildPhase section */
		6D3BFC3F29FD5B750006ABE4 /* Frameworks */ = {
			isa = PBXFrameworksBuildPhase;
			buildActionMask = 2147483647;
			files = (
				F7EC881077ED4F77DBB9F7A2 /* libPods-DemoCICD.a in Frameworks */,
			);
			runOnlyForDeploymentPostprocessing = 0;
		};
		6D3BFC5529FD5B760006ABE4 /* Frameworks */ = {
			isa = PBXFrameworksBuildPhase;
			buildActionMask = 2147483647;
			files = (
				F60EEE3E0768E1FC89E3CA60 /* libPods-DemoCICDTests.a in Frameworks */,
			);
			runOnlyForDeploymentPostprocessing = 0;
		};
		6D3BFC5F29FD5B760006ABE4 /* Frameworks */ = {
			isa = PBXFrameworksBuildPhase;
			buildActionMask = 2147483647;
			files = (
				89AB42381C520149D79DC782 /* libPods-DemoCICD-DemoCICDUITests.a in Frameworks */,
			);
			runOnlyForDeploymentPostprocessing = 0;
		};
/* End PBXFrameworksBuildPhase section */

/* Begin PBXGroup section */
		2F26E674E04F264224FB60CF /* Pods */ = {
			isa = PBXGroup;
			children = (
				29DED76A4318D43BA21C8970 /* Pods-DemoCICD.debug.xcconfig */,
				56B6513C7D60C9C0DB7C9A7C /* Pods-DemoCICD.release.xcconfig */,
				891FF63343BFB9681A5CC64A /* Pods-DemoCICD-DemoCICDUITests.debug.xcconfig */,
				389662D40A63FDD8F8D0C357 /* Pods-DemoCICD-DemoCICDUITests.release.xcconfig */,
				FD41917DD7BA9B56CF5C9A7D /* Pods-DemoCICDTests.debug.xcconfig */,
				88391C1A30CA6B933278BEF7 /* Pods-DemoCICDTests.release.xcconfig */,
			);
			name = Pods;
			path = Pods;
			sourceTree = "<group>";
		};
		3FF42D97D53D5EE1938E4440 /* Frameworks */ = {
			isa = PBXGroup;
			children = (
				FD432A55E77FEA397582933B /* libPods-DemoCICD.a */,
				72EE3F3EF3E02A9F04049222 /* libPods-DemoCICD-DemoCICDUITests.a */,
				9C02851AF27CABCB1226BDE5 /* libPods-DemoCICDTests.a */,
			);
			name = Frameworks;
			sourceTree = "<group>";
		};
		6D3BFC3929FD5B750006ABE4 = {
			isa = PBXGroup;
			children = (
				6D3BFC4429FD5B750006ABE4 /* DemoCICD */,
				6D3BFC5B29FD5B760006ABE4 /* DemoCICDTests */,
				6D3BFC6529FD5B760006ABE4 /* DemoCICDUITests */,
				6D3BFC4329FD5B750006ABE4 /* Products */,
				2F26E674E04F264224FB60CF /* Pods */,
				3FF42D97D53D5EE1938E4440 /* Frameworks */,
			);
			sourceTree = "<group>";
		};
		6D3BFC4329FD5B750006ABE4 /* Products */ = {
			isa = PBXGroup;
			children = (
				6D3BFC4229FD5B750006ABE4 /* DemoCICD.app */,
				6D3BFC5829FD5B760006ABE4 /* DemoCICDTests.xctest */,
				6D3BFC6229FD5B760006ABE4 /* DemoCICDUITests.xctest */,
			);
			name = Products;
			sourceTree = "<group>";
		};
		6D3BFC4429FD5B750006ABE4 /* DemoCICD */ = {
			isa = PBXGroup;
			children = (
				6D3BFC4529FD5B750006ABE4 /* AppDelegate.swift */,
				6D3BFC4729FD5B750006ABE4 /* SceneDelegate.swift */,
				6D3BFC4929FD5B750006ABE4 /* ViewController.swift */,
				6D3BFC4B29FD5B750006ABE4 /* Main.storyboard */,
				6D3BFC4E29FD5B760006ABE4 /* Assets.xcassets */,
				6D3BFC5029FD5B760006ABE4 /* LaunchScreen.storyboard */,
				6D3BFC5329FD5B760006ABE4 /* Info.plist */,
			);
			path = DemoCICD;
			sourceTree = "<group>";
		};
		6D3BFC5B29FD5B760006ABE4 /* DemoCICDTests */ = {
			isa = PBXGroup;
			children = (
				6D3BFC5C29FD5B760006ABE4 /* DemoCICDTests.swift */,
			);
			path = DemoCICDTests;
			sourceTree = "<group>";
		};
		6D3BFC6529FD5B760006ABE4 /* DemoCICDUITests */ = {
			isa = PBXGroup;
			children = (
				6D3BFC6629FD5B760006ABE4 /* DemoCICDUITests.swift */,
				6D3BFC6829FD5B760006ABE4 /* DemoCICDUITestsLaunchTests.swift */,
			);
			path = DemoCICDUITests;
			sourceTree = "<group>";
		};
/* End PBXGroup section */

/* Begin PBXNativeTarget section */
		6D3BFC4129FD5B750006ABE4 /* DemoCICD */ = {
			isa = PBXNativeTarget;
			buildConfigurationList = 6D3BFC6C29FD5B760006ABE4 /* Build configuration list for PBXNativeTarget "DemoCICD" */;
			buildPhases = (
				B65A3FB9DEB34B7C5B5EC974 /* [CP] Check Pods Manifest.lock */,
				6D3BFC3E29FD5B750006ABE4 /* Sources */,
				6D3BFC3F29FD5B750006ABE4 /* Frameworks */,
				6D3BFC4029FD5B750006ABE4 /* Resources */,
			);
			buildRules = (
			);
			dependencies = (
			);
			name = DemoCICD;
			productName = DemoCICD;
			productReference = 6D3BFC4229FD5B750006ABE4 /* DemoCICD.app */;
			productType = "com.apple.product-type.application";
		};
		6D3BFC5729FD5B760006ABE4 /* DemoCICDTests */ = {
			isa = PBXNativeTarget;
			buildConfigurationList = 6D3BFC6F29FD5B760006ABE4 /* Build configuration list for PBXNativeTarget "DemoCICDTests" */;
			buildPhases = (
				4D81C87C6E5FAEE3D532AE53 /* [CP] Check Pods Manifest.lock */,
				6D3BFC5429FD5B760006ABE4 /* Sources */,
				6D3BFC5529FD5B760006ABE4 /* Frameworks */,
				6D3BFC5629FD5B760006ABE4 /* Resources */,
			);
			buildRules = (
			);
			dependencies = (
				6D3BFC5A29FD5B760006ABE4 /* PBXTargetDependency */,
			);
			name = DemoCICDTests;
			productName = DemoCICDTests;
			productReference = 6D3BFC5829FD5B760006ABE4 /* DemoCICDTests.xctest */;
			productType = "com.apple.product-type.bundle.unit-test";
		};
		6D3BFC6129FD5B760006ABE4 /* DemoCICDUITests */ = {
			isa = PBXNativeTarget;
			buildConfigurationList = 6D3BFC7229FD5B760006ABE4 /* Build configuration list for PBXNativeTarget "DemoCICDUITests" */;
			buildPhases = (
				D91ACA47C61AF41C6E110D52 /* [CP] Check Pods Manifest.lock */,
				6D3BFC5E29FD5B760006ABE4 /* Sources */,
				6D3BFC5F29FD5B760006ABE4 /* Frameworks */,
				6D3BFC6029FD5B760006ABE4 /* Resources */,
			);
			buildRules = (
			);
			dependencies = (
				6D3BFC6429FD5B760006ABE4 /* PBXTargetDependency */,
			);
			name = DemoCICDUITests;
			productName = DemoCICDUITests;
			productReference = 6D3BFC6229FD5B760006ABE4 /* DemoCICDUITests.xctest */;
			productType = "com.apple.product-type.bundle.ui-testing";
		};
/* End PBXNativeTarget section */

/* Begin PBXProject section */
		6D3BFC3A29FD5B750006ABE4 /* Project object */ = {
			isa = PBXProject;
			attributes = {
				BuildIndependentTargetsInParallel = 1;
				LastSwiftUpdateCheck = 1300;
				LastUpgradeCheck = 1300;
				TargetAttributes = {
					6D3BFC4129FD5B750006ABE4 = {
						CreatedOnToolsVersion = 13.0;
					};
					6D3BFC5729FD5B760006ABE4 = {
						CreatedOnToolsVersion = 13.0;
						TestTargetID = 6D3BFC4129FD5B750006ABE4;
					};
					6D3BFC6129FD5B760006ABE4 = {
						CreatedOnToolsVersion = 13.0;
						TestTargetID = 6D3BFC4129FD5B750006ABE4;
					};
				};
			};
			buildConfigurationList = 6D3BFC3D29FD5B750006ABE4 /* Build configuration list for PBXProject "DemoCICD" */;
			compatibilityVersion = "Xcode 13.0";
			developmentRegion = en;
			hasScannedForEncodings = 0;
			knownRegions = (
				en,
				Base,
			);
			mainGroup = 6D3BFC3929FD5B750006ABE4;
			productRefGroup = 6D3BFC4329FD5B750006ABE4 /* Products */;
			projectDirPath = "";
			projectRoot = "";
			targets = (
				6D3BFC4129FD5B750006ABE4 /* DemoCICD */,
				6D3BFC5729FD5B760006ABE4 /* DemoCICDTests */,
				6D3BFC6129FD5B760006ABE4 /* DemoCICDUITests */,
			);
		};
/* End PBXProject section */

/* Begin PBXResourcesBuildPhase section */
		6D3BFC4029FD5B750006ABE4 /* Resources */ = {
			isa = PBXResourcesBuildPhase;
			buildActionMask = 2147483647;
			files = (
				6D3BFC5229FD5B760006ABE4 /* LaunchScreen.storyboard in Resources */,
				6D3BFC4F29FD5B760006ABE4 /* Assets.xcassets in Resources */,
				6D3BFC4D29FD5B750006ABE4 /* Main.storyboard in Resources */,
			);
			runOnlyForDeploymentPostprocessing = 0;
		};
		6D3BFC5629FD5B760006ABE4 /* Resources */ = {
			isa = PBXResourcesBuildPhase;
			buildActionMask = 2147483647;
			files = (
			);
			runOnlyForDeploymentPostprocessing = 0;
		};
		6D3BFC6029FD5B760006ABE4 /* Resources */ = {
			isa = PBXResourcesBuildPhase;
			buildActionMask = 2147483647;
			files = (
			);
			runOnlyForDeploymentPostprocessing = 0;
		};
/* End PBXResourcesBuildPhase section */

/* Begin PBXShellScriptBuildPhase section */
		4D81C87C6E5FAEE3D532AE53 /* [CP] Check Pods Manifest.lock */ = {
			isa = PBXShellScriptBuildPhase;
			buildActionMask = 2147483647;
			files = (
			);
			inputFileListPaths = (
			);
			inputPaths = (
				"${PODS_PODFILE_DIR_PATH}/Podfile.lock",
				"${PODS_ROOT}/Manifest.lock",
			);
			name = "[CP] Check Pods Manifest.lock";
			outputFileListPaths = (
			);
			outputPaths = (
				"$(DERIVED_FILE_DIR)/Pods-DemoCICDTests-checkManifestLockResult.txt",
			);
			runOnlyForDeploymentPostprocessing = 0;
			shellPath = /bin/sh;
			shellScript = "diff \"${PODS_PODFILE_DIR_PATH}/Podfile.lock\" \"${PODS_ROOT}/Manifest.lock\" > /dev/null\nif [ $? != 0 ] ; then\n    # print error to STDERR\n    echo \"error: The sandbox is not in sync with the Podfile.lock. Run 'pod install' or update your CocoaPods installation.\" >&2\n    exit 1\nfi\n# This output is used by Xcode 'outputs' to avoid re-running this script phase.\necho \"SUCCESS\" > \"${SCRIPT_OUTPUT_FILE_0}\"\n";
			showEnvVarsInLog = 0;
		};
		B65A3FB9DEB34B7C5B5EC974 /* [CP] Check Pods Manifest.lock */ = {
			isa = PBXShellScriptBuildPhase;
			buildActionMask = 2147483647;
			files = (
			);
			inputFileListPaths = (
			);
			inputPaths = (
				"${PODS_PODFILE_DIR_PATH}/Podfile.lock",
				"${PODS_ROOT}/Manifest.lock",
			);
			name = "[CP] Check Pods Manifest.lock";
			outputFileListPaths = (
			);
			outputPaths = (
				"$(DERIVED_FILE_DIR)/Pods-DemoCICD-checkManifestLockResult.txt",
			);
			runOnlyForDeploymentPostprocessing = 0;
			shellPath = /bin/sh;
			shellScript = "diff \"${PODS_PODFILE_DIR_PATH}/Podfile.lock\" \"${PODS_ROOT}/Manifest.lock\" > /dev/null\nif [ $? != 0 ] ; then\n    # print error to STDERR\n    echo \"error: The sandbox is not in sync with the Podfile.lock. Run 'pod install' or update your CocoaPods installation.\" >&2\n    exit 1\nfi\n# This output is used by Xcode 'outputs' to avoid re-running this script phase.\necho \"SUCCESS\" > \"${SCRIPT_OUTPUT_FILE_0}\"\n";
			showEnvVarsInLog = 0;
		};
		D91ACA47C61AF41C6E110D52 /* [CP] Check Pods Manifest.lock */ = {
			isa = PBXShellScriptBuildPhase;
			buildActionMask = 2147483647;
			files = (
			);
			inputFileListPaths = (
			);
			inputPaths = (
				"${PODS_PODFILE_DIR_PATH}/Podfile.lock",
				"${PODS_ROOT}/Manifest.lock",
			);
			name = "[CP] Check Pods Manifest.lock";
			outputFileListPaths = (
			);
			outputPaths = (
				"$(DERIVED_FILE_DIR)/Pods-DemoCICD-DemoCICDUITests-checkManifestLockResult.txt",
			);
			runOnlyForDeploymentPostprocessing = 0;
			shellPath = /bin/sh;
			shellScript = "diff \"${PODS_PODFILE_DIR_PATH}/Podfile.lock\" \"${PODS_ROOT}/Manifest.lock\" > /dev/null\nif [ $? != 0 ] ; then\n    # print error to STDERR\n    echo \"error: The sandbox is not in sync with the Podfile.lock. Run 'pod install' or update your CocoaPods installation.\" >&2\n    exit 1\nfi\n# This output is used by Xcode 'outputs' to avoid re-running this script phase.\necho \"SUCCESS\" > \"${SCRIPT_OUTPUT_FILE_0}\"\n";
			showEnvVarsInLog = 0;
		};
/* End PBXShellScriptBuildPhase section */

/* Begin PBXSourcesBuildPhase section */
		6D3BFC3E29FD5B750006ABE4 /* Sources */ = {
			isa = PBXSourcesBuildPhase;
			buildActionMask = 2147483647;
			files = (
				6D3BFC4A29FD5B750006ABE4 /* ViewController.swift in Sources */,
				6D3BFC4629FD5B750006ABE4 /* AppDelegate.swift in Sources */,
				6D3BFC4829FD5B750006ABE4 /* SceneDelegate.swift in Sources */,
			);
			runOnlyForDeploymentPostprocessing = 0;
		};
		6D3BFC5429FD5B760006ABE4 /* Sources */ = {
			isa = PBXSourcesBuildPhase;
			buildActionMask = 2147483647;
			files = (
				6D3BFC5D29FD5B760006ABE4 /* DemoCICDTests.swift in Sources */,
			);
			runOnlyForDeploymentPostprocessing = 0;
		};
		6D3BFC5E29FD5B760006ABE4 /* Sources */ = {
			isa = PBXSourcesBuildPhase;
			buildActionMask = 2147483647;
			files = (
				6D3BFC6929FD5B760006ABE4 /* DemoCICDUITestsLaunchTests.swift in Sources */,
				6D3BFC6729FD5B760006ABE4 /* DemoCICDUITests.swift in Sources */,
			);
			runOnlyForDeploymentPostprocessing = 0;
		};
/* End PBXSourcesBuildPhase section */

/* Begin PBXTargetDependency section */
		6D3BFC5A29FD5B760006ABE4 /* PBXTargetDependency */ = {
			isa = PBXTargetDependency;
			target = 6D3BFC4129FD5B750006ABE4 /* DemoCICD */;
			targetProxy = 6D3BFC5929FD5B760006ABE4 /* PBXContainerItemProxy */;
		};
		6D3BFC6429FD5B760006ABE4 /* PBXTargetDependency */ = {
			isa = PBXTargetDependency;
			target = 6D3BFC4129FD5B750006ABE4 /* DemoCICD */;
			targetProxy = 6D3BFC6329FD5B760006ABE4 /* PBXContainerItemProxy */;
		};
/* End PBXTargetDependency section */

/* Begin PBXVariantGroup section */
		6D3BFC4B29FD5B750006ABE4 /* Main.storyboard */ = {
			isa = PBXVariantGroup;
			children = (
				6D3BFC4C29FD5B750006ABE4 /* Base */,
			);
			name = Main.storyboard;
			sourceTree = "<group>";
		};
		6D3BFC5029FD5B760006ABE4 /* LaunchScreen.storyboard */ = {
			isa = PBXVariantGroup;
			children = (
				6D3BFC5129FD5B760006ABE4 /* Base */,
			);
			name = LaunchScreen.storyboard;
			sourceTree = "<group>";
		};
/* End PBXVariantGroup section */

/* Begin XCBuildConfiguration section */
		6D3BFC6A29FD5B760006ABE4 /* Debug */ = {
			isa = XCBuildConfiguration;
			buildSettings = {
				ALWAYS_SEARCH_USER_PATHS = NO;
				CLANG_ANALYZER_NONNULL = YES;
				CLANG_ANALYZER_NUMBER_OBJECT_CONVERSION = YES_AGGRESSIVE;
				CLANG_CXX_LANGUAGE_STANDARD = "gnu++17";
				CLANG_CXX_LIBRARY = "libc++";
				CLANG_ENABLE_MODULES = YES;
				CLANG_ENABLE_OBJC_ARC = YES;
				CLANG_ENABLE_OBJC_WEAK = YES;
				CLANG_WARN_BLOCK_CAPTURE_AUTORELEASING = YES;
				CLANG_WARN_BOOL_CONVERSION = YES;
				CLANG_WARN_COMMA = YES;
				CLANG_WARN_CONSTANT_CONVERSION = YES;
				CLANG_WARN_DEPRECATED_OBJC_IMPLEMENTATIONS = YES;
				CLANG_WARN_DIRECT_OBJC_ISA_USAGE = YES_ERROR;
				CLANG_WARN_DOCUMENTATION_COMMENTS = YES;
				CLANG_WARN_EMPTY_BODY = YES;
				CLANG_WARN_ENUM_CONVERSION = YES;
				CLANG_WARN_INFINITE_RECURSION = YES;
				CLANG_WARN_INT_CONVERSION = YES;
				CLANG_WARN_NON_LITERAL_NULL_CONVERSION = YES;
				CLANG_WARN_OBJC_IMPLICIT_RETAIN_SELF = YES;
				CLANG_WARN_OBJC_LITERAL_CONVERSION = YES;
				CLANG_WARN_OBJC_ROOT_CLASS = YES_ERROR;
				CLANG_WARN_QUOTED_INCLUDE_IN_FRAMEWORK_HEADER = YES;
				CLANG_WARN_RANGE_LOOP_ANALYSIS = YES;
				CLANG_WARN_STRICT_PROTOTYPES = YES;
				CLANG_WARN_SUSPICIOUS_MOVE = YES;
				CLANG_WARN_UNGUARDED_AVAILABILITY = YES_AGGRESSIVE;
				CLANG_WARN_UNREACHABLE_CODE = YES;
				CLANG_WARN__DUPLICATE_METHOD_MATCH = YES;
				COPY_PHASE_STRIP = NO;
				DEBUG_INFORMATION_FORMAT = dwarf;
				ENABLE_STRICT_OBJC_MSGSEND = YES;
				ENABLE_TESTABILITY = YES;
				GCC_C_LANGUAGE_STANDARD = gnu11;
				GCC_DYNAMIC_NO_PIC = NO;
				GCC_NO_COMMON_BLOCKS = YES;
				GCC_OPTIMIZATION_LEVEL = 0;
				GCC_PREPROCESSOR_DEFINITIONS = (
					"DEBUG=1",
					"$(inherited)",
				);
				GCC_WARN_64_TO_32_BIT_CONVERSION = YES;
				GCC_WARN_ABOUT_RETURN_TYPE = YES_ERROR;
				GCC_WARN_UNDECLARED_SELECTOR = YES;
				GCC_WARN_UNINITIALIZED_AUTOS = YES_AGGRESSIVE;
				GCC_WARN_UNUSED_FUNCTION = YES;
				GCC_WARN_UNUSED_VARIABLE = YES;
				IPHONEOS_DEPLOYMENT_TARGET = 15.0;
				MTL_ENABLE_DEBUG_INFO = INCLUDE_SOURCE;
				MTL_FAST_MATH = YES;
				ONLY_ACTIVE_ARCH = YES;
				SDKROOT = iphoneos;
				SWIFT_ACTIVE_COMPILATION_CONDITIONS = DEBUG;
				SWIFT_OPTIMIZATION_LEVEL = "-Onone";
			};
			name = Debug;
		};
		6D3BFC6B29FD5B760006ABE4 /* Release */ = {
			isa = XCBuildConfiguration;
			buildSettings = {
				ALWAYS_SEARCH_USER_PATHS = NO;
				CLANG_ANALYZER_NONNULL = YES;
				CLANG_ANALYZER_NUMBER_OBJECT_CONVERSION = YES_AGGRESSIVE;
				CLANG_CXX_LANGUAGE_STANDARD = "gnu++17";
				CLANG_CXX_LIBRARY = "libc++";
				CLANG_ENABLE_MODULES = YES;
				CLANG_ENABLE_OBJC_ARC = YES;
				CLANG_ENABLE_OBJC_WEAK = YES;
				CLANG_WARN_BLOCK_CAPTURE_AUTORELEASING = YES;
				CLANG_WARN_BOOL_CONVERSION = YES;
				CLANG_WARN_COMMA = YES;
				CLANG_WARN_CONSTANT_CONVERSION = YES;
				CLANG_WARN_DEPRECATED_OBJC_IMPLEMENTATIONS = YES;
				CLANG_WARN_DIRECT_OBJC_ISA_USAGE = YES_ERROR;
				CLANG_WARN_DOCUMENTATION_COMMENTS = YES;
				CLANG_WARN_EMPTY_BODY = YES;
				CLANG_WARN_ENUM_CONVERSION = YES;
				CLANG_WARN_INFINITE_RECURSION = YES;
				CLANG_WARN_INT_CONVERSION = YES;
				CLANG_WARN_NON_LITERAL_NULL_CONVERSION = YES;
				CLANG_WARN_OBJC_IMPLICIT_RETAIN_SELF = YES;
				CLANG_WARN_OBJC_LITERAL_CONVERSION = YES;
				CLANG_WARN_OBJC_ROOT_CLASS = YES_ERROR;
				CLANG_WARN_QUOTED_INCLUDE_IN_FRAMEWORK_HEADER = YES;
				CLANG_WARN_RANGE_LOOP_ANALYSIS = YES;
				CLANG_WARN_STRICT_PROTOTYPES = YES;
				CLANG_WARN_SUSPICIOUS_MOVE = YES;
				CLANG_WARN_UNGUARDED_AVAILABILITY = YES_AGGRESSIVE;
				CLANG_WARN_UNREACHABLE_CODE = YES;
				CLANG_WARN__DUPLICATE_METHOD_MATCH = YES;
				COPY_PHASE_STRIP = NO;
				DEBUG_INFORMATION_FORMAT = "dwarf-with-dsym";
				ENABLE_NS_ASSERTIONS = NO;
				ENABLE_STRICT_OBJC_MSGSEND = YES;
				GCC_C_LANGUAGE_STANDARD = gnu11;
				GCC_NO_COMMON_BLOCKS = YES;
				GCC_WARN_64_TO_32_BIT_CONVERSION = YES;
				GCC_WARN_ABOUT_RETURN_TYPE = YES_ERROR;
				GCC_WARN_UNDECLARED_SELECTOR = YES;
				GCC_WARN_UNINITIALIZED_AUTOS = YES_AGGRESSIVE;
				GCC_WARN_UNUSED_FUNCTION = YES;
				GCC_WARN_UNUSED_VARIABLE = YES;
				IPHONEOS_DEPLOYMENT_TARGET = 15.0;
				MTL_ENABLE_DEBUG_INFO = NO;
				MTL_FAST_MATH = YES;
				SDKROOT = iphoneos;
				SWIFT_COMPILATION_MODE = wholemodule;
				SWIFT_OPTIMIZATION_LEVEL = "-O";
				VALIDATE_PRODUCT = YES;
			};
			name = Release;
		};
		6D3BFC6D29FD5B760006ABE4 /* Debug */ = {
			isa = XCBuildConfiguration;
			baseConfigurationReference = 29DED76A4318D43BA21C8970 /* Pods-DemoCICD.debug.xcconfig */;
			buildSettings = {
				ASSETCATALOG_COMPILER_APPICON_NAME = AppIcon;
				ASSETCATALOG_COMPILER_GLOBAL_ACCENT_COLOR_NAME = AccentColor;
				CODE_SIGN_STYLE = Automatic;
				CURRENT_PROJECT_VERSION = 1;
				DEVELOPMENT_TEAM = LX72TZB635;
				GENERATE_INFOPLIST_FILE = YES;
				INFOPLIST_FILE = DemoCICD/Info.plist;
				INFOPLIST_KEY_UIApplicationSupportsIndirectInputEvents = YES;
				INFOPLIST_KEY_UILaunchStoryboardName = LaunchScreen;
				INFOPLIST_KEY_UIMainStoryboardFile = Main;
				INFOPLIST_KEY_UISupportedInterfaceOrientations_iPad = "UIInterfaceOrientationPortrait UIInterfaceOrientationPortraitUpsideDown UIInterfaceOrientationLandscapeLeft UIInterfaceOrientationLandscapeRight";
				INFOPLIST_KEY_UISupportedInterfaceOrientations_iPhone = "UIInterfaceOrientationPortrait UIInterfaceOrientationLandscapeLeft UIInterfaceOrientationLandscapeRight";
				LD_RUNPATH_SEARCH_PATHS = (
					"$(inherited)",
					"@executable_path/Frameworks",
				);
				MARKETING_VERSION = 1.0;
				PRODUCT_BUNDLE_IDENTIFIER = com.Sajib.DemoCICD;
				PRODUCT_NAME = "$(TARGET_NAME)";
				SWIFT_EMIT_LOC_STRINGS = YES;
				SWIFT_VERSION = 5.0;
				TARGETED_DEVICE_FAMILY = "1,2";
			};
			name = Debug;
		};
		6D3BFC6E29FD5B760006ABE4 /* Release */ = {
			isa = XCBuildConfiguration;
			baseConfigurationReference = 56B6513C7D60C9C0DB7C9A7C /* Pods-DemoCICD.release.xcconfig */;
			buildSettings = {
				ASSETCATALOG_COMPILER_APPICON_NAME = AppIcon;
				ASSETCATALOG_COMPILER_GLOBAL_ACCENT_COLOR_NAME = AccentColor;
				CODE_SIGN_STYLE = Automatic;
				CURRENT_PROJECT_VERSION = 1;
				DEVELOPMENT_TEAM = LX72TZB635;
				GENERATE_INFOPLIST_FILE = YES;
				INFOPLIST_FILE = DemoCICD/Info.plist;
				INFOPLIST_KEY_UIApplicationSupportsIndirectInputEvents = YES;
				INFOPLIST_KEY_UILaunchStoryboardName = LaunchScreen;
				INFOPLIST_KEY_UIMainStoryboardFile = Main;
				INFOPLIST_KEY_UISupportedInterfaceOrientations_iPad = "UIInterfaceOrientationPortrait UIInterfaceOrientationPortraitUpsideDown UIInterfaceOrientationLandscapeLeft UIInterfaceOrientationLandscapeRight";
				INFOPLIST_KEY_UISupportedInterfaceOrientations_iPhone = "UIInterfaceOrientationPortrait UIInterfaceOrientationLandscapeLeft UIInterfaceOrientationLandscapeRight";
				LD_RUNPATH_SEARCH_PATHS = (
					"$(inherited)",
					"@executable_path/Frameworks",
				);
				MARKETING_VERSION = 1.0;
				PRODUCT_BUNDLE_IDENTIFIER = com.Sajib.DemoCICD;
				PRODUCT_NAME = "$(TARGET_NAME)";
				SWIFT_EMIT_LOC_STRINGS = YES;
				SWIFT_VERSION = 5.0;
				TARGETED_DEVICE_FAMILY = "1,2";
			};
			name = Release;
		};
		6D3BFC7029FD5B760006ABE4 /* Debug */ = {
			isa = XCBuildConfiguration;
			baseConfigurationReference = FD41917DD7BA9B56CF5C9A7D /* Pods-DemoCICDTests.debug.xcconfig */;
			buildSettings = {
				ALWAYS_EMBED_SWIFT_STANDARD_LIBRARIES = YES;
				BUNDLE_LOADER = "$(TEST_HOST)";
				CODE_SIGN_STYLE = Automatic;
				CURRENT_PROJECT_VERSION = 1;
				DEVELOPMENT_TEAM = LX72TZB635;
				GENERATE_INFOPLIST_FILE = YES;
				IPHONEOS_DEPLOYMENT_TARGET = 15.0;
				LD_RUNPATH_SEARCH_PATHS = (
					"$(inherited)",
					"@executable_path/Frameworks",
					"@loader_path/Frameworks",
				);
				MARKETING_VERSION = 1.0;
				PRODUCT_BUNDLE_IDENTIFIER = com.Sajib.DemoCICDTests;
				PRODUCT_NAME = "$(TARGET_NAME)";
				SWIFT_EMIT_LOC_STRINGS = NO;
				SWIFT_VERSION = 5.0;
				TARGETED_DEVICE_FAMILY = "1,2";
				TEST_HOST = "$(BUILT_PRODUCTS_DIR)/DemoCICD.app/DemoCICD";
			};
			name = Debug;
		};
		6D3BFC7129FD5B760006ABE4 /* Release */ = {
			isa = XCBuildConfiguration;
			baseConfigurationReference = 88391C1A30CA6B933278BEF7 /* Pods-DemoCICDTests.release.xcconfig */;
			buildSettings = {
				ALWAYS_EMBED_SWIFT_STANDARD_LIBRARIES = YES;
				BUNDLE_LOADER = "$(TEST_HOST)";
				CODE_SIGN_STYLE = Automatic;
				CURRENT_PROJECT_VERSION = 1;
				DEVELOPMENT_TEAM = LX72TZB635;
				GENERATE_INFOPLIST_FILE = YES;
				IPHONEOS_DEPLOYMENT_TARGET = 15.0;
				LD_RUNPATH_SEARCH_PATHS = (
					"$(inherited)",
					"@executable_path/Frameworks",
					"@loader_path/Frameworks",
				);
				MARKETING_VERSION = 1.0;
				PRODUCT_BUNDLE_IDENTIFIER = com.Sajib.DemoCICDTests;
				PRODUCT_NAME = "$(TARGET_NAME)";
				SWIFT_EMIT_LOC_STRINGS = NO;
				SWIFT_VERSION = 5.0;
				TARGETED_DEVICE_FAMILY = "1,2";
				TEST_HOST = "$(BUILT_PRODUCTS_DIR)/DemoCICD.app/DemoCICD";
			};
			name = Release;
		};
		6D3BFC7329FD5B760006ABE4 /* Debug */ = {
			isa = XCBuildConfiguration;
			baseConfigurationReference = 891FF63343BFB9681A5CC64A /* Pods-DemoCICD-DemoCICDUITests.debug.xcconfig */;
			buildSettings = {
				ALWAYS_EMBED_SWIFT_STANDARD_LIBRARIES = YES;
				CODE_SIGN_STYLE = Automatic;
				CURRENT_PROJECT_VERSION = 1;
				DEVELOPMENT_TEAM = LX72TZB635;
				GENERATE_INFOPLIST_FILE = YES;
				LD_RUNPATH_SEARCH_PATHS = (
					"$(inherited)",
					"@executable_path/Frameworks",
					"@loader_path/Frameworks",
				);
				MARKETING_VERSION = 1.0;
				PRODUCT_BUNDLE_IDENTIFIER = com.Sajib.DemoCICDUITests;
				PRODUCT_NAME = "$(TARGET_NAME)";
				SWIFT_EMIT_LOC_STRINGS = NO;
				SWIFT_VERSION = 5.0;
				TARGETED_DEVICE_FAMILY = "1,2";
				TEST_TARGET_NAME = DemoCICD;
			};
			name = Debug;
		};
		6D3BFC7429FD5B760006ABE4 /* Release */ = {
			isa = XCBuildConfiguration;
			baseConfigurationReference = 389662D40A63FDD8F8D0C357 /* Pods-DemoCICD-DemoCICDUITests.release.xcconfig */;
			buildSettings = {
				ALWAYS_EMBED_SWIFT_STANDARD_LIBRARIES = YES;
				CODE_SIGN_STYLE = Automatic;
				CURRENT_PROJECT_VERSION = 1;
				DEVELOPMENT_TEAM = LX72TZB635;
				GENERATE_INFOPLIST_FILE = YES;
				LD_RUNPATH_SEARCH_PATHS = (
					"$(inherited)",
					"@executable_path/Frameworks",
					"@loader_path/Frameworks",
				);
				MARKETING_VERSION = 1.0;
				PRODUCT_BUNDLE_IDENTIFIER = com.Sajib.DemoCICDUITests;
				PRODUCT_NAME = "$(TARGET_NAME)";
				SWIFT_EMIT_LOC_STRINGS = NO;
				SWIFT_VERSION = 5.0;
				TARGETED_DEVICE_FAMILY = "1,2";
				TEST_TARGET_NAME = DemoCICD;
			};
			name = Release;
		};
/* End XCBuildConfiguration section */

/* Begin XCConfigurationList section */
		6D3BFC3D29FD5B750006ABE4 /* Build configuration list for PBXProject "DemoCICD" */ = {
			isa = XCConfigurationList;
			buildConfigurations = (
				6D3BFC6A29FD5B760006ABE4 /* Debug */,
				6D3BFC6B29FD5B760006ABE4 /* Release */,
			);
			defaultConfigurationIsVisible = 0;
			defaultConfigurationName = Release;
		};
		6D3BFC6C29FD5B760006ABE4 /* Build configuration list for PBXNativeTarget "DemoCICD" */ = {
			isa = XCConfigurationList;
			buildConfigurations = (
				6D3BFC6D29FD5B760006ABE4 /* Debug */,
				6D3BFC6E29FD5B760006ABE4 /* Release */,
			);
			defaultConfigurationIsVisible = 0;
			defaultConfigurationName = Release;
		};
		6D3BFC6F29FD5B760006ABE4 /* Build configuration list for PBXNativeTarget "DemoCICDTests" */ = {
			isa = XCConfigurationList;
			buildConfigurations = (
				6D3BFC7029FD5B760006ABE4 /* Debug */,
				6D3BFC7129FD5B760006ABE4 /* Release */,
			);
			defaultConfigurationIsVisible = 0;
			defaultConfigurationName = Release;
		};
		6D3BFC7229FD5B760006ABE4 /* Build configuration list for PBXNativeTarget "DemoCICDUITests" */ = {
			isa = XCConfigurationList;
			buildConfigurations = (
				6D3BFC7329FD5B760006ABE4 /* Debug */,
				6D3BFC7429FD5B760006ABE4 /* Release */,
			);
			defaultConfigurationIsVisible = 0;
			defaultConfigurationName = Release;
		};
/* End XCConfigurationList section */
	};
	rootObject = 6D3BFC3A29FD5B750006ABE4 /* Project object */;
}
